
Microsoft Visual Studio Solution File, Format Version 11.00
# Visual Studio 2010
Project("{8BC9CEB8-8B4A-11D0-8D11-00A0C91BC942}") = "GP1 Coursework", "GP1 Coursework\GP1 Coursework.vcxproj", "{D8FA0D84-EDDA-4A83-A73C-314545C78390}"
EndProject
Global
	GlobalSection(SolutionConfigurationPlatforms) = preSolution
		Debug|Win32 = Debug|Win32
		Release|Win32 = Release|Win32
	EndGlobalSection
	GlobalSection(ProjectConfigurationPlatforms) = postSolution
		{D8FA0D84-EDDA-4A83-A73C-314545C78390}.Debug|Win32.ActiveCfg = Debug|Win32
		{D8FA0D84-EDDA-4A83-A73C-314545C78390}.Debug|Win32.Build.0 = Debug|Win32
		{D8FA0D84-EDDA-4A83-A73C-314545C78390}.Release|Win32.ActiveCfg = Release|Win32
		{D8FA0D84-EDDA-4A83-A73C-314545C78390}.Release|Win32.Build.0 = Release|Win32
	EndGlobalSection
	GlobalSection(SolutionProperties) = preSolution
		HideSolutionNode = FALSE
	EndGlobalSection
EndGlobal
